// !$*UTF8*$!
{
	archiveVersion = 1;
	classes = {
	};
	objectVersion = 50;
	objects = {

/* Begin PBXBuildFile section */
		AF3245EE23B8ACBA00D5DD81 /* Graph.swift in Sources */ = {isa = PBXBuildFile; fileRef = AF3245ED23B8ACBA00D5DD81 /* Graph.swift */; };
		AF3245F623B8B25F00D5DD81 /* AdjacencyListGraphTests.swift in Sources */ = {isa = PBXBuildFile; fileRef = AF3245F523B8B25F00D5DD81 /* AdjacencyListGraphTests.swift */; };
		AF3245F823B8B25F00D5DD81 /* libSwiftAlgorithms.a in Frameworks */ = {isa = PBXBuildFile; fileRef = AFD7CFC323B4E7FE0091632D /* libSwiftAlgorithms.a */; };
		AF3245FF23B8BD5E00D5DD81 /* MinimumSpanningTree.swift in Sources */ = {isa = PBXBuildFile; fileRef = AF3245FE23B8BD5E00D5DD81 /* MinimumSpanningTree.swift */; };
		AF32460123B8C57900D5DD81 /* MinimumSpanningTreeTests.swift in Sources */ = {isa = PBXBuildFile; fileRef = AF32460023B8C57900D5DD81 /* MinimumSpanningTreeTests.swift */; };
		AFD7CFD323B4E8A10091632D /* PriorityQueue.swift in Sources */ = {isa = PBXBuildFile; fileRef = AFD7CFD123B4E8A10091632D /* PriorityQueue.swift */; };
		AFD7CFD423B4E8A10091632D /* Heap.swift in Sources */ = {isa = PBXBuildFile; fileRef = AFD7CFD223B4E8A10091632D /* Heap.swift */; };
		AFD7CFD623B4E8C40091632D /* AStar.swift in Sources */ = {isa = PBXBuildFile; fileRef = AFD7CFD523B4E8C40091632D /* AStar.swift */; };
/* End PBXBuildFile section */

/* Begin PBXContainerItemProxy section */
		AF3245F923B8B25F00D5DD81 /* PBXContainerItemProxy */ = {
			isa = PBXContainerItemProxy;
			containerPortal = AFD7CFBB23B4E7FE0091632D /* Project object */;
			proxyType = 1;
			remoteGlobalIDString = AFD7CFC223B4E7FE0091632D;
			remoteInfo = SwiftAlgorithms;
		};
/* End PBXContainerItemProxy section */

/* Begin PBXFileReference section */
		AF3245ED23B8ACBA00D5DD81 /* Graph.swift */ = {isa = PBXFileReference; lastKnownFileType = sourcecode.swift; path = Graph.swift; sourceTree = "<group>"; };
		AF3245F323B8B25F00D5DD81 /* AlgorithmsTests.xctest */ = {isa = PBXFileReference; explicitFileType = wrapper.cfbundle; includeInIndex = 0; path = AlgorithmsTests.xctest; sourceTree = BUILT_PRODUCTS_DIR; };
		AF3245F523B8B25F00D5DD81 /* AdjacencyListGraphTests.swift */ = {isa = PBXFileReference; lastKnownFileType = sourcecode.swift; path = AdjacencyListGraphTests.swift; sourceTree = "<group>"; };
		AF3245F723B8B25F00D5DD81 /* Info.plist */ = {isa = PBXFileReference; lastKnownFileType = text.plist.xml; path = Info.plist; sourceTree = "<group>"; };
		AF3245FE23B8BD5E00D5DD81 /* MinimumSpanningTree.swift */ = {isa = PBXFileReference; lastKnownFileType = sourcecode.swift; path = MinimumSpanningTree.swift; sourceTree = "<group>"; };
		AF32460023B8C57900D5DD81 /* MinimumSpanningTreeTests.swift */ = {isa = PBXFileReference; lastKnownFileType = sourcecode.swift; path = MinimumSpanningTreeTests.swift; sourceTree = "<group>"; };
		AFD7CFC323B4E7FE0091632D /* libSwiftAlgorithms.a */ = {isa = PBXFileReference; explicitFileType = archive.ar; includeInIndex = 0; path = libSwiftAlgorithms.a; sourceTree = BUILT_PRODUCTS_DIR; };
		AFD7CFD023B4E8A00091632D /* SwiftAlgorithms-Bridging-Header.h */ = {isa = PBXFileReference; lastKnownFileType = sourcecode.c.h; path = "SwiftAlgorithms-Bridging-Header.h"; sourceTree = "<group>"; };
		AFD7CFD123B4E8A10091632D /* PriorityQueue.swift */ = {isa = PBXFileReference; fileEncoding = 4; lastKnownFileType = sourcecode.swift; path = PriorityQueue.swift; sourceTree = "<group>"; };
		AFD7CFD223B4E8A10091632D /* Heap.swift */ = {isa = PBXFileReference; fileEncoding = 4; lastKnownFileType = sourcecode.swift; path = Heap.swift; sourceTree = "<group>"; };
		AFD7CFD523B4E8C40091632D /* AStar.swift */ = {isa = PBXFileReference; fileEncoding = 4; lastKnownFileType = sourcecode.swift; path = AStar.swift; sourceTree = "<group>"; };
/* End PBXFileReference section */

/* Begin PBXFrameworksBuildPhase section */
		AF3245F023B8B25F00D5DD81 /* Frameworks */ = {
			isa = PBXFrameworksBuildPhase;
			buildActionMask = 2147483647;
			files = (
				AF3245F823B8B25F00D5DD81 /* libSwiftAlgorithms.a in Frameworks */,
			);
			runOnlyForDeploymentPostprocessing = 0;
		};
		AFD7CFC123B4E7FE0091632D /* Frameworks */ = {
			isa = PBXFrameworksBuildPhase;
			buildActionMask = 2147483647;
			files = (
			);
			runOnlyForDeploymentPostprocessing = 0;
		};
/* End PBXFrameworksBuildPhase section */

/* Begin PBXGroup section */
		AF3245EC23B8AC7600D5DD81 /* Data Structures */ = {
			isa = PBXGroup;
			children = (
				AF3245ED23B8ACBA00D5DD81 /* Graph.swift */,
			);
			path = "Data Structures";
			sourceTree = "<group>";
		};
		AF3245F423B8B25F00D5DD81 /* AlgorithmsTests */ = {
			isa = PBXGroup;
			children = (
				AF3245F523B8B25F00D5DD81 /* AdjacencyListGraphTests.swift */,
				AF32460023B8C57900D5DD81 /* MinimumSpanningTreeTests.swift */,
				AF3245F723B8B25F00D5DD81 /* Info.plist */,
			);
			path = AlgorithmsTests;
			sourceTree = "<group>";
		};
		AFD7CFBA23B4E7FE0091632D = {
			isa = PBXGroup;
			children = (
				AF3245EC23B8AC7600D5DD81 /* Data Structures */,
				AFD7CFCF23B4E8150091632D /* SpecializedCollections */,
				AFD7CFC523B4E7FE0091632D /* SwiftAlgorithms */,
				AF3245F423B8B25F00D5DD81 /* AlgorithmsTests */,
				AFD7CFC423B4E7FE0091632D /* Products */,
			);
			sourceTree = "<group>";
		};
		AFD7CFC423B4E7FE0091632D /* Products */ = {
			isa = PBXGroup;
			children = (
				AFD7CFC323B4E7FE0091632D /* libSwiftAlgorithms.a */,
				AF3245F323B8B25F00D5DD81 /* AlgorithmsTests.xctest */,
			);
			name = Products;
			sourceTree = "<group>";
		};
		AFD7CFC523B4E7FE0091632D /* SwiftAlgorithms */ = {
			isa = PBXGroup;
			children = (
				AFD7CFD023B4E8A00091632D /* SwiftAlgorithms-Bridging-Header.h */,
				AFD7CFD523B4E8C40091632D /* AStar.swift */,
				AF3245FE23B8BD5E00D5DD81 /* MinimumSpanningTree.swift */,
			);
			path = SwiftAlgorithms;
			sourceTree = "<group>";
		};
		AFD7CFCF23B4E8150091632D /* SpecializedCollections */ = {
			isa = PBXGroup;
			children = (
				AFD7CFD223B4E8A10091632D /* Heap.swift */,
				AFD7CFD123B4E8A10091632D /* PriorityQueue.swift */,
			);
			path = SpecializedCollections;
			sourceTree = "<group>";
		};
/* End PBXGroup section */

/* Begin PBXHeadersBuildPhase section */
		AFD7CFBF23B4E7FE0091632D /* Headers */ = {
			isa = PBXHeadersBuildPhase;
			buildActionMask = 2147483647;
			files = (
			);
			runOnlyForDeploymentPostprocessing = 0;
		};
/* End PBXHeadersBuildPhase section */

/* Begin PBXNativeTarget section */
		AF3245F223B8B25F00D5DD81 /* AlgorithmsTests */ = {
			isa = PBXNativeTarget;
			buildConfigurationList = AF3245FB23B8B25F00D5DD81 /* Build configuration list for PBXNativeTarget "AlgorithmsTests" */;
			buildPhases = (
				AF3245EF23B8B25F00D5DD81 /* Sources */,
				AF3245F023B8B25F00D5DD81 /* Frameworks */,
				AF3245F123B8B25F00D5DD81 /* Resources */,
			);
			buildRules = (
			);
			dependencies = (
				AF3245FA23B8B25F00D5DD81 /* PBXTargetDependency */,
			);
			name = AlgorithmsTests;
			productName = AlgorithmsTests;
			productReference = AF3245F323B8B25F00D5DD81 /* AlgorithmsTests.xctest */;
			productType = "com.apple.product-type.bundle.unit-test";
		};
		AFD7CFC223B4E7FE0091632D /* SwiftAlgorithms */ = {
			isa = PBXNativeTarget;
			buildConfigurationList = AFD7CFCC23B4E7FE0091632D /* Build configuration list for PBXNativeTarget "SwiftAlgorithms" */;
			buildPhases = (
				AFD7CFBF23B4E7FE0091632D /* Headers */,
				AFD7CFC023B4E7FE0091632D /* Sources */,
				AFD7CFC123B4E7FE0091632D /* Frameworks */,
			);
			buildRules = (
			);
			dependencies = (
			);
			name = SwiftAlgorithms;
			productName = SwiftAlgorithms;
			productReference = AFD7CFC323B4E7FE0091632D /* libSwiftAlgorithms.a */;
			productType = "com.apple.product-type.library.static";
		};
/* End PBXNativeTarget section */

/* Begin PBXProject section */
		AFD7CFBB23B4E7FE0091632D /* Project object */ = {
			isa = PBXProject;
			attributes = {
				LastSwiftUpdateCheck = 1110;
				LastUpgradeCheck = 1110;
				ORGANIZATIONNAME = "Entenwolf Software";
				TargetAttributes = {
					AF3245F223B8B25F00D5DD81 = {
						CreatedOnToolsVersion = 11.1;
					};
					AFD7CFC223B4E7FE0091632D = {
						CreatedOnToolsVersion = 11.1;
						LastSwiftMigration = 1110;
					};
				};
			};
			buildConfigurationList = AFD7CFBE23B4E7FE0091632D /* Build configuration list for PBXProject "SwiftAlgorithms" */;
			compatibilityVersion = "Xcode 9.3";
			developmentRegion = en;
			hasScannedForEncodings = 0;
			knownRegions = (
				en,
				Base,
			);
			mainGroup = AFD7CFBA23B4E7FE0091632D;
			productRefGroup = AFD7CFC423B4E7FE0091632D /* Products */;
			projectDirPath = "";
			projectRoot = "";
			targets = (
				AFD7CFC223B4E7FE0091632D /* SwiftAlgorithms */,
				AF3245F223B8B25F00D5DD81 /* AlgorithmsTests */,
			);
		};
/* End PBXProject section */

/* Begin PBXResourcesBuildPhase section */
		AF3245F123B8B25F00D5DD81 /* Resources */ = {
			isa = PBXResourcesBuildPhase;
			buildActionMask = 2147483647;
			files = (
			);
			runOnlyForDeploymentPostprocessing = 0;
		};
/* End PBXResourcesBuildPhase section */

/* Begin PBXSourcesBuildPhase section */
		AF3245EF23B8B25F00D5DD81 /* Sources */ = {
			isa = PBXSourcesBuildPhase;
			buildActionMask = 2147483647;
			files = (
				AF32460123B8C57900D5DD81 /* MinimumSpanningTreeTests.swift in Sources */,
				AF3245F623B8B25F00D5DD81 /* AdjacencyListGraphTests.swift in Sources */,
			);
			runOnlyForDeploymentPostprocessing = 0;
		};
		AFD7CFC023B4E7FE0091632D /* Sources */ = {
			isa = PBXSourcesBuildPhase;
			buildActionMask = 2147483647;
			files = (
				AF3245FF23B8BD5E00D5DD81 /* MinimumSpanningTree.swift in Sources */,
				AF3245EE23B8ACBA00D5DD81 /* Graph.swift in Sources */,
				AFD7CFD623B4E8C40091632D /* AStar.swift in Sources */,
				AFD7CFD323B4E8A10091632D /* PriorityQueue.swift in Sources */,
				AFD7CFD423B4E8A10091632D /* Heap.swift in Sources */,
			);
			runOnlyForDeploymentPostprocessing = 0;
		};
/* End PBXSourcesBuildPhase section */

/* Begin PBXTargetDependency section */
		AF3245FA23B8B25F00D5DD81 /* PBXTargetDependency */ = {
			isa = PBXTargetDependency;
			target = AFD7CFC223B4E7FE0091632D /* SwiftAlgorithms */;
			targetProxy = AF3245F923B8B25F00D5DD81 /* PBXContainerItemProxy */;
		};
/* End PBXTargetDependency section */

/* Begin XCBuildConfiguration section */
		AF3245FC23B8B25F00D5DD81 /* Debug */ = {
			isa = XCBuildConfiguration;
			buildSettings = {
				CODE_SIGN_STYLE = Automatic;
				COMBINE_HIDPI_IMAGES = YES;
				INFOPLIST_FILE = AlgorithmsTests/Info.plist;
				LD_RUNPATH_SEARCH_PATHS = (
					"$(inherited)",
					"@executable_path/../Frameworks",
					"@loader_path/../Frameworks",
				);
				PRODUCT_BUNDLE_IDENTIFIER = com.entenwolf.AlgorithmsTests;
				PRODUCT_NAME = "$(TARGET_NAME)";
				SWIFT_ACTIVE_COMPILATION_CONDITIONS = DEBUG;
				SWIFT_OPTIMIZATION_LEVEL = "-Onone";
				SWIFT_VERSION = 5.0;
			};
			name = Debug;
		};
		AF3245FD23B8B25F00D5DD81 /* Release */ = {
			isa = XCBuildConfiguration;
			buildSettings = {
				CODE_SIGN_STYLE = Automatic;
				COMBINE_HIDPI_IMAGES = YES;
				INFOPLIST_FILE = AlgorithmsTests/Info.plist;
				LD_RUNPATH_SEARCH_PATHS = (
					"$(inherited)",
					"@executable_path/../Frameworks",
					"@loader_path/../Frameworks",
				);
				PRODUCT_BUNDLE_IDENTIFIER = com.entenwolf.AlgorithmsTests;
				PRODUCT_NAME = "$(TARGET_NAME)";
				SWIFT_COMPILATION_MODE = wholemodule;
				SWIFT_OPTIMIZATION_LEVEL = "-O";
				SWIFT_VERSION = 5.0;
			};
			name = Release;
		};
		AFD7CFCA23B4E7FE0091632D /* Debug */ = {
			isa = XCBuildConfiguration;
			buildSettings = {
				ALWAYS_SEARCH_USER_PATHS = NO;
				CLANG_ANALYZER_NONNULL = YES;
				CLANG_ANALYZER_NUMBER_OBJECT_CONVERSION = YES_AGGRESSIVE;
				CLANG_CXX_LANGUAGE_STANDARD = "gnu++14";
				CLANG_CXX_LIBRARY = "libc++";
				CLANG_ENABLE_MODULES = YES;
				CLANG_ENABLE_OBJC_ARC = YES;
				CLANG_ENABLE_OBJC_WEAK = YES;
				CLANG_WARN_BLOCK_CAPTURE_AUTORELEASING = YES;
				CLANG_WARN_BOOL_CONVERSION = YES;
				CLANG_WARN_COMMA = YES;
				CLANG_WARN_CONSTANT_CONVERSION = YES;
				CLANG_WARN_DEPRECATED_OBJC_IMPLEMENTATIONS = YES;
				CLANG_WARN_DIRECT_OBJC_ISA_USAGE = YES_ERROR;
				CLANG_WARN_DOCUMENTATION_COMMENTS = YES;
				CLANG_WARN_EMPTY_BODY = YES;
				CLANG_WARN_ENUM_CONVERSION = YES;
				CLANG_WARN_INFINITE_RECURSION = YES;
				CLANG_WARN_INT_CONVERSION = YES;
				CLANG_WARN_NON_LITERAL_NULL_CONVERSION = YES;
				CLANG_WARN_OBJC_IMPLICIT_RETAIN_SELF = YES;
				CLANG_WARN_OBJC_LITERAL_CONVERSION = YES;
				CLANG_WARN_OBJC_ROOT_CLASS = YES_ERROR;
				CLANG_WARN_RANGE_LOOP_ANALYSIS = YES;
				CLANG_WARN_STRICT_PROTOTYPES = YES;
				CLANG_WARN_SUSPICIOUS_MOVE = YES;
				CLANG_WARN_UNGUARDED_AVAILABILITY = YES_AGGRESSIVE;
				CLANG_WARN_UNREACHABLE_CODE = YES;
				CLANG_WARN__DUPLICATE_METHOD_MATCH = YES;
				COPY_PHASE_STRIP = NO;
				DEBUG_INFORMATION_FORMAT = dwarf;
				ENABLE_STRICT_OBJC_MSGSEND = YES;
				ENABLE_TESTABILITY = YES;
				GCC_C_LANGUAGE_STANDARD = gnu11;
				GCC_DYNAMIC_NO_PIC = NO;
				GCC_NO_COMMON_BLOCKS = YES;
				GCC_OPTIMIZATION_LEVEL = 0;
				GCC_PREPROCESSOR_DEFINITIONS = (
					"DEBUG=1",
					"$(inherited)",
				);
				GCC_WARN_64_TO_32_BIT_CONVERSION = YES;
				GCC_WARN_ABOUT_RETURN_TYPE = YES_ERROR;
				GCC_WARN_UNDECLARED_SELECTOR = YES;
				GCC_WARN_UNINITIALIZED_AUTOS = YES_AGGRESSIVE;
				GCC_WARN_UNUSED_FUNCTION = YES;
				GCC_WARN_UNUSED_VARIABLE = YES;
				MACOSX_DEPLOYMENT_TARGET = 10.15;
				MTL_ENABLE_DEBUG_INFO = INCLUDE_SOURCE;
				MTL_FAST_MATH = YES;
				ONLY_ACTIVE_ARCH = YES;
				SDKROOT = macosx;
			};
			name = Debug;
		};
		AFD7CFCB23B4E7FE0091632D /* Release */ = {
			isa = XCBuildConfiguration;
			buildSettings = {
				ALWAYS_SEARCH_USER_PATHS = NO;
				CLANG_ANALYZER_NONNULL = YES;
				CLANG_ANALYZER_NUMBER_OBJECT_CONVERSION = YES_AGGRESSIVE;
				CLANG_CXX_LANGUAGE_STANDARD = "gnu++14";
				CLANG_CXX_LIBRARY = "libc++";
				CLANG_ENABLE_MODULES = YES;
				CLANG_ENABLE_OBJC_ARC = YES;
				CLANG_ENABLE_OBJC_WEAK = YES;
				CLANG_WARN_BLOCK_CAPTURE_AUTORELEASING = YES;
				CLANG_WARN_BOOL_CONVERSION = YES;
				CLANG_WARN_COMMA = YES;
				CLANG_WARN_CONSTANT_CONVERSION = YES;
				CLANG_WARN_DEPRECATED_OBJC_IMPLEMENTATIONS = YES;
				CLANG_WARN_DIRECT_OBJC_ISA_USAGE = YES_ERROR;
				CLANG_WARN_DOCUMENTATION_COMMENTS = YES;
				CLANG_WARN_EMPTY_BODY = YES;
				CLANG_WARN_ENUM_CONVERSION = YES;
				CLANG_WARN_INFINITE_RECURSION = YES;
				CLANG_WARN_INT_CONVERSION = YES;
				CLANG_WARN_NON_LITERAL_NULL_CONVERSION = YES;
				CLANG_WARN_OBJC_IMPLICIT_RETAIN_SELF = YES;
				CLANG_WARN_OBJC_LITERAL_CONVERSION = YES;
				CLANG_WARN_OBJC_ROOT_CLASS = YES_ERROR;
				CLANG_WARN_RANGE_LOOP_ANALYSIS = YES;
				CLANG_WARN_STRICT_PROTOTYPES = YES;
				CLANG_WARN_SUSPICIOUS_MOVE = YES;
				CLANG_WARN_UNGUARDED_AVAILABILITY = YES_AGGRESSIVE;
				CLANG_WARN_UNREACHABLE_CODE = YES;
				CLANG_WARN__DUPLICATE_METHOD_MATCH = YES;
				COPY_PHASE_STRIP = NO;
				DEBUG_INFORMATION_FORMAT = "dwarf-with-dsym";
				ENABLE_NS_ASSERTIONS = NO;
				ENABLE_STRICT_OBJC_MSGSEND = YES;
				GCC_C_LANGUAGE_STANDARD = gnu11;
				GCC_NO_COMMON_BLOCKS = YES;
				GCC_WARN_64_TO_32_BIT_CONVERSION = YES;
				GCC_WARN_ABOUT_RETURN_TYPE = YES_ERROR;
				GCC_WARN_UNDECLARED_SELECTOR = YES;
				GCC_WARN_UNINITIALIZED_AUTOS = YES_AGGRESSIVE;
				GCC_WARN_UNUSED_FUNCTION = YES;
				GCC_WARN_UNUSED_VARIABLE = YES;
				MACOSX_DEPLOYMENT_TARGET = 10.15;
				MTL_ENABLE_DEBUG_INFO = NO;
				MTL_FAST_MATH = YES;
				SDKROOT = macosx;
			};
			name = Release;
		};
		AFD7CFCD23B4E7FE0091632D /* Debug */ = {
			isa = XCBuildConfiguration;
			buildSettings = {
				CLANG_ENABLE_MODULES = YES;
				CODE_SIGN_STYLE = Automatic;
				EXECUTABLE_PREFIX = lib;
				LD_RUNPATH_SEARCH_PATHS = (
					"$(inherited)",
					"@executable_path/../Frameworks",
					"@loader_path/../Frameworks",
				);
				PRODUCT_NAME = "$(TARGET_NAME)";
				SKIP_INSTALL = YES;
				SWIFT_OBJC_BRIDGING_HEADER = "SwiftAlgorithms/SwiftAlgorithms-Bridging-Header.h";
				SWIFT_OPTIMIZATION_LEVEL = "-Onone";
				SWIFT_VERSION = 5.0;
			};
			name = Debug;
		};
		AFD7CFCE23B4E7FE0091632D /* Release */ = {
			isa = XCBuildConfiguration;
			buildSettings = {
				CLANG_ENABLE_MODULES = YES;
				CODE_SIGN_STYLE = Automatic;
				EXECUTABLE_PREFIX = lib;
				LD_RUNPATH_SEARCH_PATHS = (
					"$(inherited)",
					"@executable_path/../Frameworks",
					"@loader_path/../Frameworks",
				);
				PRODUCT_NAME = "$(TARGET_NAME)";
				SKIP_INSTALL = YES;
				SWIFT_OBJC_BRIDGING_HEADER = "SwiftAlgorithms/SwiftAlgorithms-Bridging-Header.h";
				SWIFT_VERSION = 5.0;
			};
			name = Release;
		};
/* End XCBuildConfiguration section */

/* Begin XCConfigurationList section */
		AF3245FB23B8B25F00D5DD81 /* Build configuration list for PBXNativeTarget "AlgorithmsTests" */ = {
			isa = XCConfigurationList;
			buildConfigurations = (
				AF3245FC23B8B25F00D5DD81 /* Debug */,
				AF3245FD23B8B25F00D5DD81 /* Release */,
			);
			defaultConfigurationIsVisible = 0;
			defaultConfigurationName = Release;
		};
		AFD7CFBE23B4E7FE0091632D /* Build configuration list for PBXProject "SwiftAlgorithms" */ = {
			isa = XCConfigurationList;
			buildConfigurations = (
				AFD7CFCA23B4E7FE0091632D /* Debug */,
				AFD7CFCB23B4E7FE0091632D /* Release */,
			);
			defaultConfigurationIsVisible = 0;
			defaultConfigurationName = Release;
		};
		AFD7CFCC23B4E7FE0091632D /* Build configuration list for PBXNativeTarget "SwiftAlgorithms" */ = {
			isa = XCConfigurationList;
			buildConfigurations = (
				AFD7CFCD23B4E7FE0091632D /* Debug */,
				AFD7CFCE23B4E7FE0091632D /* Release */,
			);
			defaultConfigurationIsVisible = 0;
			defaultConfigurationName = Release;
		};
/* End XCConfigurationList section */
	};
	rootObject = AFD7CFBB23B4E7FE0091632D /* Project object */;
}
